{
  "name": "photo-album-master",
  "lockfileVersion": 3,
  "requires": true,
  "packages": {
    "": {
      "devDependencies": {
        "magic-snowflakes": "^6.3.0"
      }
    },
    "node_modules/magic-snowflakes": {
      "version": "6.3.0",
      "resolved": "https://registry.npmjs.org/magic-snowflakes/-/magic-snowflakes-6.3.0.tgz",
      "integrity": "sha512-sTENq0CmS7r70BA5XyRuA9a0dYbF6ENyTzAHUDd5yjPacUTXNAd/NyTF6E3iEt2SuX/aonyW7dtTm3ILN74AXQ==",
      "dev": true,
      "engines": {
        "node": ">=10"
      }
    }
  }
}
